# THIS IS AN AUTOGENERATED FILE. DO NOT EDIT THIS FILE DIRECTLY.
# yarn lockfile v1


"@reasonml-community/graphql-ppx@1.0.0-beta.22":
  version "1.0.0-beta.22"
  resolved "https://registry.yarnpkg.com/@reasonml-community/graphql-ppx/-/graphql-ppx-1.0.0-beta.22.tgz#2857c855841121059208154c22a890a4e08117f5"
  integrity sha512-GZDWjwxDQZhnycSC6Oo+H7M5FQki4MeDXawNk2aAc05uERvmYQ+M7C1ERa/Ag7RkWAM333fA9wknfvU0C8MnjQ==

bs-platform@8.2.0:
  version "8.2.0"
  resolved "https://registry.yarnpkg.com/bs-platform/-/bs-platform-8.2.0.tgz#f3f4c06d5710a4c782f0ed030b1fe11e74a0a6d7"
  integrity sha512-quvmUac/ZxGDsT7L5+6RNXrLPvLHkWFownacaqlwVoyAm770bPyupTRU49ALPGk3HpjfD5eE+lpGdOSPtuwJiA==

graphql@^14.5.8:
  version "14.7.0"
  resolved "https://registry.yarnpkg.com/graphql/-/graphql-14.7.0.tgz#7fa79a80a69be4a31c27dda824dc04dac2035a72"
  integrity sha512-l0xWZpoPKpppFzMfvVyFmp9vLN7w/ZZJPefUicMCepfJeQ8sMcztloGYY9DfjVPo6tIUDzU5Hw3MUbIjj9AVVA==
  dependencies:
    iterall "^1.2.2"

iterall@^1.2.2:
  version "1.3.0"
  resolved "https://registry.yarnpkg.com/iterall/-/iterall-1.3.0.tgz#afcb08492e2915cbd8a0884eb93a8c94d0d72fea"
  integrity sha512-QZ9qOMdF+QLHxy1QIpUHUU1D5pS2CG2P69LF6L6CPjPYA/XMOmKV3PZpawHoAjHNyB0swdVTRxdYT4tbBbxqwg==
